
Microsoft Visual Studio Solution File, Format Version 12.00
# Visual Studio Version 16
VisualStudioVersion = 16.0.30114.105
MinimumVisualStudioVersion = 10.0.40219.1
Project("{FAE04EC0-301F-11D3-BF4B-00C04F79EFBC}") = "mvc_project", "mvc_project\mvc_project.csproj", "{4589160F-7D81-48BB-95D0-7F5039FE3FDA}"
EndProject
Project("{FAE04EC0-301F-11D3-BF4B-00C04F79EFBC}") = "service_library", "service_library\service_library.csproj", "{0EAE3D0C-9A46-4A82-A558-939A8B177C1A}"
EndProject
Project("{FAE04EC0-301F-11D3-BF4B-00C04F79EFBC}") = "entity_library", "entity_library\entity_library.csproj", "{617056E5-EB4F-41DE-B59B-034DC523232A}"
EndProject
Project("{FAE04EC0-301F-11D3-BF4B-00C04F79EFBC}") = "dao_library", "dao_library\dao_library.csproj", "{6F6EF5AF-13DC-49C9-A0A9-0E3DBE836FA0}"
EndProject
Global
	GlobalSection(SolutionConfigurationPlatforms) = preSolution
		Debug|Any CPU = Debug|Any CPU
		Debug|x64 = Debug|x64
		Debug|x86 = Debug|x86
		Release|Any CPU = Release|Any CPU
		Release|x64 = Release|x64
		Release|x86 = Release|x86
	EndGlobalSection
	GlobalSection(SolutionProperties) = preSolution
		HideSolutionNode = FALSE
	EndGlobalSection
	GlobalSection(ProjectConfigurationPlatforms) = postSolution
		{4589160F-7D81-48BB-95D0-7F5039FE3FDA}.Debug|Any CPU.ActiveCfg = Debug|Any CPU
		{4589160F-7D81-48BB-95D0-7F5039FE3FDA}.Debug|Any CPU.Build.0 = Debug|Any CPU
		{4589160F-7D81-48BB-95D0-7F5039FE3FDA}.Debug|x64.ActiveCfg = Debug|Any CPU
		{4589160F-7D81-48BB-95D0-7F5039FE3FDA}.Debug|x64.Build.0 = Debug|Any CPU
		{4589160F-7D81-48BB-95D0-7F5039FE3FDA}.Debug|x86.ActiveCfg = Debug|Any CPU
		{4589160F-7D81-48BB-95D0-7F5039FE3FDA}.Debug|x86.Build.0 = Debug|Any CPU
		{4589160F-7D81-48BB-95D0-7F5039FE3FDA}.Release|Any CPU.ActiveCfg = Release|Any CPU
		{4589160F-7D81-48BB-95D0-7F5039FE3FDA}.Release|Any CPU.Build.0 = Release|Any CPU
		{4589160F-7D81-48BB-95D0-7F5039FE3FDA}.Release|x64.ActiveCfg = Release|Any CPU
		{4589160F-7D81-48BB-95D0-7F5039FE3FDA}.Release|x64.Build.0 = Release|Any CPU
		{4589160F-7D81-48BB-95D0-7F5039FE3FDA}.Release|x86.ActiveCfg = Release|Any CPU
		{4589160F-7D81-48BB-95D0-7F5039FE3FDA}.Release|x86.Build.0 = Release|Any CPU
		{0EAE3D0C-9A46-4A82-A558-939A8B177C1A}.Debug|Any CPU.ActiveCfg = Debug|Any CPU
		{0EAE3D0C-9A46-4A82-A558-939A8B177C1A}.Debug|Any CPU.Build.0 = Debug|Any CPU
		{0EAE3D0C-9A46-4A82-A558-939A8B177C1A}.Debug|x64.ActiveCfg = Debug|Any CPU
		{0EAE3D0C-9A46-4A82-A558-939A8B177C1A}.Debug|x64.Build.0 = Debug|Any CPU
		{0EAE3D0C-9A46-4A82-A558-939A8B177C1A}.Debug|x86.ActiveCfg = Debug|Any CPU
		{0EAE3D0C-9A46-4A82-A558-939A8B177C1A}.Debug|x86.Build.0 = Debug|Any CPU
		{0EAE3D0C-9A46-4A82-A558-939A8B177C1A}.Release|Any CPU.ActiveCfg = Release|Any CPU
		{0EAE3D0C-9A46-4A82-A558-939A8B177C1A}.Release|Any CPU.Build.0 = Release|Any CPU
		{0EAE3D0C-9A46-4A82-A558-939A8B177C1A}.Release|x64.ActiveCfg = Release|Any CPU
		{0EAE3D0C-9A46-4A82-A558-939A8B177C1A}.Release|x64.Build.0 = Release|Any CPU
		{0EAE3D0C-9A46-4A82-A558-939A8B177C1A}.Release|x86.ActiveCfg = Release|Any CPU
		{0EAE3D0C-9A46-4A82-A558-939A8B177C1A}.Release|x86.Build.0 = Release|Any CPU
		{617056E5-EB4F-41DE-B59B-034DC523232A}.Debug|Any CPU.ActiveCfg = Debug|Any CPU
		{617056E5-EB4F-41DE-B59B-034DC523232A}.Debug|Any CPU.Build.0 = Debug|Any CPU
		{617056E5-EB4F-41DE-B59B-034DC523232A}.Debug|x64.ActiveCfg = Debug|Any CPU
		{617056E5-EB4F-41DE-B59B-034DC523232A}.Debug|x64.Build.0 = Debug|Any CPU
		{617056E5-EB4F-41DE-B59B-034DC523232A}.Debug|x86.ActiveCfg = Debug|Any CPU
		{617056E5-EB4F-41DE-B59B-034DC523232A}.Debug|x86.Build.0 = Debug|Any CPU
		{617056E5-EB4F-41DE-B59B-034DC523232A}.Release|Any CPU.ActiveCfg = Release|Any CPU
		{617056E5-EB4F-41DE-B59B-034DC523232A}.Release|Any CPU.Build.0 = Release|Any CPU
		{617056E5-EB4F-41DE-B59B-034DC523232A}.Release|x64.ActiveCfg = Release|Any CPU
		{617056E5-EB4F-41DE-B59B-034DC523232A}.Release|x64.Build.0 = Release|Any CPU
		{617056E5-EB4F-41DE-B59B-034DC523232A}.Release|x86.ActiveCfg = Release|Any CPU
		{617056E5-EB4F-41DE-B59B-034DC523232A}.Release|x86.Build.0 = Release|Any CPU
		{6F6EF5AF-13DC-49C9-A0A9-0E3DBE836FA0}.Debug|Any CPU.ActiveCfg = Debug|Any CPU
		{6F6EF5AF-13DC-49C9-A0A9-0E3DBE836FA0}.Debug|Any CPU.Build.0 = Debug|Any CPU
		{6F6EF5AF-13DC-49C9-A0A9-0E3DBE836FA0}.Debug|x64.ActiveCfg = Debug|Any CPU
		{6F6EF5AF-13DC-49C9-A0A9-0E3DBE836FA0}.Debug|x64.Build.0 = Debug|Any CPU
		{6F6EF5AF-13DC-49C9-A0A9-0E3DBE836FA0}.Debug|x86.ActiveCfg = Debug|Any CPU
		{6F6EF5AF-13DC-49C9-A0A9-0E3DBE836FA0}.Debug|x86.Build.0 = Debug|Any CPU
		{6F6EF5AF-13DC-49C9-A0A9-0E3DBE836FA0}.Release|Any CPU.ActiveCfg = Release|Any CPU
		{6F6EF5AF-13DC-49C9-A0A9-0E3DBE836FA0}.Release|Any CPU.Build.0 = Release|Any CPU
		{6F6EF5AF-13DC-49C9-A0A9-0E3DBE836FA0}.Release|x64.ActiveCfg = Release|Any CPU
		{6F6EF5AF-13DC-49C9-A0A9-0E3DBE836FA0}.Release|x64.Build.0 = Release|Any CPU
		{6F6EF5AF-13DC-49C9-A0A9-0E3DBE836FA0}.Release|x86.ActiveCfg = Release|Any CPU
		{6F6EF5AF-13DC-49C9-A0A9-0E3DBE836FA0}.Release|x86.Build.0 = Release|Any CPU
	EndGlobalSection
EndGlobal
